
Microsoft Visual Studio Solution File, Format Version 12.00
# Visual Studio Version 17
VisualStudioVersion = 17.5.33530.505
MinimumVisualStudioVersion = 10.0.40219.1
Project("{FAE04EC0-301F-11D3-BF4B-00C04F79EFBC}") = "GithubExampleApi", "GithubExampleApi\GithubExampleApi.csproj", "{70629E79-0BFB-4F6F-B33F-1DDD35BC4602}"
EndProject
Global
	GlobalSection(SolutionConfigurationPlatforms) = preSolution
		Debug|Any CPU = Debug|Any CPU
		Release|Any CPU = Release|Any CPU
	EndGlobalSection
	GlobalSection(ProjectConfigurationPlatforms) = postSolution
		{70629E79-0BFB-4F6F-B33F-1DDD35BC4602}.Debug|Any CPU.ActiveCfg = Debug|Any CPU
		{70629E79-0BFB-4F6F-B33F-1DDD35BC4602}.Debug|Any CPU.Build.0 = Debug|Any CPU
		{70629E79-0BFB-4F6F-B33F-1DDD35BC4602}.Release|Any CPU.ActiveCfg = Release|Any CPU
		{70629E79-0BFB-4F6F-B33F-1DDD35BC4602}.Release|Any CPU.Build.0 = Release|Any CPU
	EndGlobalSection
	GlobalSection(SolutionProperties) = preSolution
		HideSolutionNode = FALSE
	EndGlobalSection
	GlobalSection(ExtensibilityGlobals) = postSolution
		SolutionGuid = {84D9D616-1995-4AC3-9F72-CF6A81E776B7}
	EndGlobalSection
EndGlobal
